{
  "name": "cri1",
  "lockfileVersion": 2,
  "requires": true,
  "packages": {
    "": {
      "hasInstallScript": true,
      "dependencies": {
        "git-json-merge": "^0.4.5"
      }
    },
    "node_modules/adiff": {
      "version": "0.2.13",
      "resolved": "https://registry.npmjs.org/adiff/-/adiff-0.2.13.tgz",
      "integrity": "sha1-3D3TL5RNl/J366WM5SmXrf8fdyg="
    },
    "node_modules/detect-indent": {
      "version": "6.1.0",
      "resolved": "https://registry.npmjs.org/detect-indent/-/detect-indent-6.1.0.tgz",
      "integrity": "sha512-reYkTUJAZb9gUuZ2RvVCNhVHdg62RHnJ7WJl8ftMi4diZ6NWlciOzQN88pUhSELEwflJht4oQDv0F0BMlwaYtA==",
      "engines": {
        "node": ">=8"
      }
    },
    "node_modules/git-json-merge": {
      "version": "0.4.5",
      "resolved": "https://registry.npmjs.org/git-json-merge/-/git-json-merge-0.4.5.tgz",
      "integrity": "sha512-akVUhyzRtkXGe5uAcw3AijF/253RA7tAPdfHtKLawYAhDjuyP+Ebr1YvZUv+7Jyr41g+IVRpKPBd2h+m6AHNqQ==",
      "dependencies": {
        "detect-indent": "^6.0.0",
        "xdiff": "^0.2.11"
      },
      "bin": {
        "git-json-merge": "bin/git-json-merge"
      },
      "engines": {
        "node": ">=4"
      }
    },
    "node_modules/xdiff": {
      "version": "0.2.11",
      "resolved": "https://registry.npmjs.org/xdiff/-/xdiff-0.2.11.tgz",
      "integrity": "sha1-cj1SPhtvJlojPK/HeGBiLqXS2Mg=",
      "dependencies": {
        "adiff": "~0.2.4"
      },
      "engines": {
        "node": "*"
      }
    }
  },
  "dependencies": {
    "adiff": {
      "version": "0.2.13",
      "resolved": "https://registry.npmjs.org/adiff/-/adiff-0.2.13.tgz",
      "integrity": "sha1-3D3TL5RNl/J366WM5SmXrf8fdyg="
    },
    "detect-indent": {
      "version": "6.1.0",
      "resolved": "https://registry.npmjs.org/detect-indent/-/detect-indent-6.1.0.tgz",
      "integrity": "sha512-reYkTUJAZb9gUuZ2RvVCNhVHdg62RHnJ7WJl8ftMi4diZ6NWlciOzQN88pUhSELEwflJht4oQDv0F0BMlwaYtA=="
    },
    "git-json-merge": {
      "version": "0.4.5",
      "resolved": "https://registry.npmjs.org/git-json-merge/-/git-json-merge-0.4.5.tgz",
      "integrity": "sha512-akVUhyzRtkXGe5uAcw3AijF/253RA7tAPdfHtKLawYAhDjuyP+Ebr1YvZUv+7Jyr41g+IVRpKPBd2h+m6AHNqQ==",
      "requires": {
        "detect-indent": "^6.0.0",
        "xdiff": "^0.2.11"
      }
    },
    "xdiff": {
      "version": "0.2.11",
      "resolved": "https://registry.npmjs.org/xdiff/-/xdiff-0.2.11.tgz",
      "integrity": "sha1-cj1SPhtvJlojPK/HeGBiLqXS2Mg=",
      "requires": {
        "adiff": "~0.2.4"
      }
    }
  }
}
