# THIS IS AN AUTOGENERATED FILE. DO NOT EDIT THIS FILE DIRECTLY.
# yarn lockfile v1


adiff@~0.2.4:
  version "0.2.13"
  resolved "https://registry.yarnpkg.com/adiff/-/adiff-0.2.13.tgz#dc3dd32f944d97f277eba58ce52997adff1f7728"
  integrity sha1-3D3TL5RNl/J366WM5SmXrf8fdyg=

detect-indent@^6.0.0:
  version "6.1.0"
  resolved "https://registry.yarnpkg.com/detect-indent/-/detect-indent-6.1.0.tgz#592485ebbbf6b3b1ab2be175c8393d04ca0d57e6"
  integrity sha512-reYkTUJAZb9gUuZ2RvVCNhVHdg62RHnJ7WJl8ftMi4diZ6NWlciOzQN88pUhSELEwflJht4oQDv0F0BMlwaYtA==

git-json-merge@^0.4.5:
  version "0.4.5"
  resolved "https://registry.yarnpkg.com/git-json-merge/-/git-json-merge-0.4.5.tgz#d8e4bb8a34057fa7d945e2d6ce97b9d8db553b77"
  integrity sha512-akVUhyzRtkXGe5uAcw3AijF/253RA7tAPdfHtKLawYAhDjuyP+Ebr1YvZUv+7Jyr41g+IVRpKPBd2h+m6AHNqQ==
  dependencies:
    detect-indent "^6.0.0"
    xdiff "^0.2.11"

xdiff@^0.2.11:
  version "0.2.11"
  resolved "https://registry.yarnpkg.com/xdiff/-/xdiff-0.2.11.tgz#723d523e1b6f265a233cafc77860622ea5d2d8c8"
  integrity sha1-cj1SPhtvJlojPK/HeGBiLqXS2Mg=
  dependencies:
    adiff "~0.2.4"
